
Microsoft Visual Studio Solution File, Format Version 12.00
# Visual Studio 15
VisualStudioVersion = 15.0.27130.2010
MinimumVisualStudioVersion = 10.0.40219.1
Project("{FAE04EC0-301F-11D3-BF4B-00C04F79EFBC}") = "Web.Api.Essentials", "Web.Api.Essentials\Web.Api.Essentials.csproj", "{760C86BA-F1FF-4BE4-AA53-C46F0E1A335B}"
EndProject
Global
	GlobalSection(SolutionConfigurationPlatforms) = preSolution
		Debug|Any CPU = Debug|Any CPU
		Release|Any CPU = Release|Any CPU
	EndGlobalSection
	GlobalSection(ProjectConfigurationPlatforms) = postSolution
		{760C86BA-F1FF-4BE4-AA53-C46F0E1A335B}.Debug|Any CPU.ActiveCfg = Debug|Any CPU
		{760C86BA-F1FF-4BE4-AA53-C46F0E1A335B}.Debug|Any CPU.Build.0 = Debug|Any CPU
		{760C86BA-F1FF-4BE4-AA53-C46F0E1A335B}.Release|Any CPU.ActiveCfg = Release|Any CPU
		{760C86BA-F1FF-4BE4-AA53-C46F0E1A335B}.Release|Any CPU.Build.0 = Release|Any CPU
	EndGlobalSection
	GlobalSection(SolutionProperties) = preSolution
		HideSolutionNode = FALSE
	EndGlobalSection
	GlobalSection(ExtensibilityGlobals) = postSolution
		SolutionGuid = {4F3AF288-8F6F-41C0-B925-B7FBBA17DA24}
	EndGlobalSection
EndGlobal
